
Microsoft Visual Studio Solution File, Format Version 12.00
# Visual Studio 15
Project("{FAE04EC0-301F-11D3-BF4B-00C04F79EFBC}") = "Assembly-CSharp", "Assembly-CSharp.csproj", "{6A644AC8-0CE8-9409-7C77-A640D8CA1421}"
EndProject
Project("{FAE04EC0-301F-11D3-BF4B-00C04F79EFBC}") = "Assembly-CSharp-Editor", "Assembly-CSharp-Editor.csproj", "{6AADEA06-E7BD-7FBF-7BEB-94F6FCC8B173}"
EndProject
Global
	GlobalSection(SolutionConfigurationPlatforms) = preSolution
		Debug|Any CPU = Debug|Any CPU
		Release|Any CPU = Release|Any CPU
	EndGlobalSection
	GlobalSection(ProjectConfigurationPlatforms) = postSolution
		{6A644AC8-0CE8-9409-7C77-A640D8CA1421}.Debug|Any CPU.ActiveCfg = Debug|Any CPU
		{6A644AC8-0CE8-9409-7C77-A640D8CA1421}.Debug|Any CPU.Build.0 = Debug|Any CPU
		{6A644AC8-0CE8-9409-7C77-A640D8CA1421}.Release|Any CPU.ActiveCfg = Release|Any CPU
		{6A644AC8-0CE8-9409-7C77-A640D8CA1421}.Release|Any CPU.Build.0 = Release|Any CPU
		{6AADEA06-E7BD-7FBF-7BEB-94F6FCC8B173}.Debug|Any CPU.ActiveCfg = Debug|Any CPU
		{6AADEA06-E7BD-7FBF-7BEB-94F6FCC8B173}.Debug|Any CPU.Build.0 = Debug|Any CPU
		{6AADEA06-E7BD-7FBF-7BEB-94F6FCC8B173}.Release|Any CPU.ActiveCfg = Release|Any CPU
		{6AADEA06-E7BD-7FBF-7BEB-94F6FCC8B173}.Release|Any CPU.Build.0 = Release|Any CPU
	EndGlobalSection
	GlobalSection(SolutionProperties) = preSolution
		HideSolutionNode = FALSE
	EndGlobalSection
EndGlobal
